{
  "requires": true,
  "lockfileVersion": 1,
  "dependencies": {
    "@types/grecaptcha": {
      "version": "2.0.35",
      "resolved": "https://registry.npmjs.org/@types/grecaptcha/-/grecaptcha-2.0.35.tgz",
      "integrity": "sha512-s0WTB7do/+9IHBAMzZs3UNM8JygJxW5UTycdXof1hQ/+2jp2HAJ0JbMzFr+BcXWZ1TMUm6jCPVF+ImZtpMt1Jw==",
      "optional": true
    },
    "ng-recaptcha": {
      "version": "3.0.5",
      "resolved": "https://registry.npmjs.org/ng-recaptcha/-/ng-recaptcha-3.0.5.tgz",
      "integrity": "sha1-4ioggAkB9c9EaM9fXWmvAfEiB5M=",
      "requires": {
        "@types/grecaptcha": "2.0.35"
      }
    }
  }
}
